
Microsoft Visual Studio Solution File, Format Version 12.00
# Visual Studio Version 16
VisualStudioVersion = 16.0.33027.164
MinimumVisualStudioVersion = 10.0.40219.1
Project("{FAE04EC0-301F-11D3-BF4B-00C04F79EFBC}") = "KITAB.Scheduler.ConsoleApp", "KITAB.Scheduler.ConsoleApp\KITAB.Scheduler.ConsoleApp.csproj", "{EC968798-7D81-41CE-A8F3-2B52F04C6706}"
EndProject
Global
	GlobalSection(SolutionConfigurationPlatforms) = preSolution
		Debug|Any CPU = Debug|Any CPU
		Release|Any CPU = Release|Any CPU
	EndGlobalSection
	GlobalSection(ProjectConfigurationPlatforms) = postSolution
		{EC968798-7D81-41CE-A8F3-2B52F04C6706}.Debug|Any CPU.ActiveCfg = Debug|Any CPU
		{EC968798-7D81-41CE-A8F3-2B52F04C6706}.Debug|Any CPU.Build.0 = Debug|Any CPU
		{EC968798-7D81-41CE-A8F3-2B52F04C6706}.Release|Any CPU.ActiveCfg = Release|Any CPU
		{EC968798-7D81-41CE-A8F3-2B52F04C6706}.Release|Any CPU.Build.0 = Release|Any CPU
	EndGlobalSection
	GlobalSection(SolutionProperties) = preSolution
		HideSolutionNode = FALSE
	EndGlobalSection
	GlobalSection(ExtensibilityGlobals) = postSolution
		SolutionGuid = {68E7697D-0DC8-407A-8083-75280568EE1C}
	EndGlobalSection
EndGlobal
